
Microsoft Visual Studio Solution File, Format Version 12.00
# Visual Studio Version 16
VisualStudioVersion = 16.0.35706.149
MinimumVisualStudioVersion = 10.0.40219.1
Project("{8BC9CEB8-8B4A-11D0-8D11-00A0C91BC942}") = "BlackJack(21)", "BlackJack(21)\BlackJack(21).vcxproj", "{EDB97699-7A4B-4B2B-8C50-6E1B7A2013E0}"
EndProject
Global
	GlobalSection(SolutionConfigurationPlatforms) = preSolution
		Debug|x64 = Debug|x64
		Debug|x86 = Debug|x86
		Release|x64 = Release|x64
		Release|x86 = Release|x86
	EndGlobalSection
	GlobalSection(ProjectConfigurationPlatforms) = postSolution
		{EDB97699-7A4B-4B2B-8C50-6E1B7A2013E0}.Debug|x64.ActiveCfg = Debug|x64
		{EDB97699-7A4B-4B2B-8C50-6E1B7A2013E0}.Debug|x64.Build.0 = Debug|x64
		{EDB97699-7A4B-4B2B-8C50-6E1B7A2013E0}.Debug|x86.ActiveCfg = Debug|Win32
		{EDB97699-7A4B-4B2B-8C50-6E1B7A2013E0}.Debug|x86.Build.0 = Debug|Win32
		{EDB97699-7A4B-4B2B-8C50-6E1B7A2013E0}.Release|x64.ActiveCfg = Release|x64
		{EDB97699-7A4B-4B2B-8C50-6E1B7A2013E0}.Release|x64.Build.0 = Release|x64
		{EDB97699-7A4B-4B2B-8C50-6E1B7A2013E0}.Release|x86.ActiveCfg = Release|Win32
		{EDB97699-7A4B-4B2B-8C50-6E1B7A2013E0}.Release|x86.Build.0 = Release|Win32
	EndGlobalSection
	GlobalSection(SolutionProperties) = preSolution
		HideSolutionNode = FALSE
	EndGlobalSection
	GlobalSection(ExtensibilityGlobals) = postSolution
		SolutionGuid = {034B5DD6-62ED-4ACB-9233-E0D530DDECF2}
	EndGlobalSection
EndGlobal
